
Microsoft Visual Studio Solution File, Format Version 12.00
# Visual Studio 15
Project("{FAE04EC0-301F-11D3-BF4B-00C04F79EFBC}") = "SingularityGroup.HotReload.Editor", "SingularityGroup.HotReload.Editor.csproj", "{6FB038D1-2E10-63B2-FF6A-67F53F4E4FE6}"
EndProject
Project("{FAE04EC0-301F-11D3-BF4B-00C04F79EFBC}") = "Assembly-CSharp", "Assembly-CSharp.csproj", "{E2DACB40-1DCE-5735-1AF5-A77EDFE586A6}"
EndProject
Project("{FAE04EC0-301F-11D3-BF4B-00C04F79EFBC}") = "Mediapipe.Runtime", "Mediapipe.Runtime.csproj", "{F9314C85-383F-FC48-A67D-8257048B1B3E}"
EndProject
Project("{FAE04EC0-301F-11D3-BF4B-00C04F79EFBC}") = "NativeFilePicker.Runtime", "NativeFilePicker.Runtime.csproj", "{7AE29CD3-1595-37A5-49EC-EF666FB95C39}"
EndProject
Project("{FAE04EC0-301F-11D3-BF4B-00C04F79EFBC}") = "Assembly-CSharp-Editor", "Assembly-CSharp-Editor.csproj", "{0F51975A-06CB-D8C8-5E3C-8D56A0CEB7B7}"
EndProject
Project("{FAE04EC0-301F-11D3-BF4B-00C04F79EFBC}") = "Mediapipe.Unity.Sample", "Mediapipe.Unity.Sample.csproj", "{DF5F7489-5F5F-507D-BC69-C9FF648EAF0D}"
EndProject
Project("{FAE04EC0-301F-11D3-BF4B-00C04F79EFBC}") = "Mediapipe.Tests.EditMode", "Mediapipe.Tests.EditMode.csproj", "{DFEEE513-86E3-9A94-8EAB-D13AAF352B31}"
EndProject
Project("{FAE04EC0-301F-11D3-BF4B-00C04F79EFBC}") = "SingularityGroup.HotReload.Runtime.Public", "SingularityGroup.HotReload.Runtime.Public.csproj", "{6B78E055-CF2E-6254-4F4A-B3287C539B29}"
EndProject
Project("{FAE04EC0-301F-11D3-BF4B-00C04F79EFBC}") = "SingularityGroup.HotReload.Runtime", "SingularityGroup.HotReload.Runtime.csproj", "{56558135-F9C1-A28A-308E-37CA71F2D730}"
EndProject
Project("{FAE04EC0-301F-11D3-BF4B-00C04F79EFBC}") = "NativeFilePicker.Editor", "NativeFilePicker.Editor.csproj", "{D9679C0D-6AFF-48B6-7948-D8F182AFFF61}"
EndProject
Global
	GlobalSection(SolutionConfigurationPlatforms) = preSolution
		Debug|Any CPU = Debug|Any CPU
		Release|Any CPU = Release|Any CPU
	EndGlobalSection
	GlobalSection(ProjectConfigurationPlatforms) = postSolution
		{6FB038D1-2E10-63B2-FF6A-67F53F4E4FE6}.Debug|Any CPU.ActiveCfg = Debug|Any CPU
		{6FB038D1-2E10-63B2-FF6A-67F53F4E4FE6}.Debug|Any CPU.Build.0 = Debug|Any CPU
		{6FB038D1-2E10-63B2-FF6A-67F53F4E4FE6}.Release|Any CPU.ActiveCfg = Release|Any CPU
		{6FB038D1-2E10-63B2-FF6A-67F53F4E4FE6}.Release|Any CPU.Build.0 = Release|Any CPU
		{E2DACB40-1DCE-5735-1AF5-A77EDFE586A6}.Debug|Any CPU.ActiveCfg = Debug|Any CPU
		{E2DACB40-1DCE-5735-1AF5-A77EDFE586A6}.Debug|Any CPU.Build.0 = Debug|Any CPU
		{E2DACB40-1DCE-5735-1AF5-A77EDFE586A6}.Release|Any CPU.ActiveCfg = Release|Any CPU
		{E2DACB40-1DCE-5735-1AF5-A77EDFE586A6}.Release|Any CPU.Build.0 = Release|Any CPU
		{F9314C85-383F-FC48-A67D-8257048B1B3E}.Debug|Any CPU.ActiveCfg = Debug|Any CPU
		{F9314C85-383F-FC48-A67D-8257048B1B3E}.Debug|Any CPU.Build.0 = Debug|Any CPU
		{F9314C85-383F-FC48-A67D-8257048B1B3E}.Release|Any CPU.ActiveCfg = Release|Any CPU
		{F9314C85-383F-FC48-A67D-8257048B1B3E}.Release|Any CPU.Build.0 = Release|Any CPU
		{7AE29CD3-1595-37A5-49EC-EF666FB95C39}.Debug|Any CPU.ActiveCfg = Debug|Any CPU
		{7AE29CD3-1595-37A5-49EC-EF666FB95C39}.Debug|Any CPU.Build.0 = Debug|Any CPU
		{7AE29CD3-1595-37A5-49EC-EF666FB95C39}.Release|Any CPU.ActiveCfg = Release|Any CPU
		{7AE29CD3-1595-37A5-49EC-EF666FB95C39}.Release|Any CPU.Build.0 = Release|Any CPU
		{0F51975A-06CB-D8C8-5E3C-8D56A0CEB7B7}.Debug|Any CPU.ActiveCfg = Debug|Any CPU
		{0F51975A-06CB-D8C8-5E3C-8D56A0CEB7B7}.Debug|Any CPU.Build.0 = Debug|Any CPU
		{0F51975A-06CB-D8C8-5E3C-8D56A0CEB7B7}.Release|Any CPU.ActiveCfg = Release|Any CPU
		{0F51975A-06CB-D8C8-5E3C-8D56A0CEB7B7}.Release|Any CPU.Build.0 = Release|Any CPU
		{DF5F7489-5F5F-507D-BC69-C9FF648EAF0D}.Debug|Any CPU.ActiveCfg = Debug|Any CPU
		{DF5F7489-5F5F-507D-BC69-C9FF648EAF0D}.Debug|Any CPU.Build.0 = Debug|Any CPU
		{DF5F7489-5F5F-507D-BC69-C9FF648EAF0D}.Release|Any CPU.ActiveCfg = Release|Any CPU
		{DF5F7489-5F5F-507D-BC69-C9FF648EAF0D}.Release|Any CPU.Build.0 = Release|Any CPU
		{DFEEE513-86E3-9A94-8EAB-D13AAF352B31}.Debug|Any CPU.ActiveCfg = Debug|Any CPU
		{DFEEE513-86E3-9A94-8EAB-D13AAF352B31}.Debug|Any CPU.Build.0 = Debug|Any CPU
		{DFEEE513-86E3-9A94-8EAB-D13AAF352B31}.Release|Any CPU.ActiveCfg = Release|Any CPU
		{DFEEE513-86E3-9A94-8EAB-D13AAF352B31}.Release|Any CPU.Build.0 = Release|Any CPU
		{6B78E055-CF2E-6254-4F4A-B3287C539B29}.Debug|Any CPU.ActiveCfg = Debug|Any CPU
		{6B78E055-CF2E-6254-4F4A-B3287C539B29}.Debug|Any CPU.Build.0 = Debug|Any CPU
		{6B78E055-CF2E-6254-4F4A-B3287C539B29}.Release|Any CPU.ActiveCfg = Release|Any CPU
		{6B78E055-CF2E-6254-4F4A-B3287C539B29}.Release|Any CPU.Build.0 = Release|Any CPU
		{56558135-F9C1-A28A-308E-37CA71F2D730}.Debug|Any CPU.ActiveCfg = Debug|Any CPU
		{56558135-F9C1-A28A-308E-37CA71F2D730}.Debug|Any CPU.Build.0 = Debug|Any CPU
		{56558135-F9C1-A28A-308E-37CA71F2D730}.Release|Any CPU.ActiveCfg = Release|Any CPU
		{56558135-F9C1-A28A-308E-37CA71F2D730}.Release|Any CPU.Build.0 = Release|Any CPU
		{D9679C0D-6AFF-48B6-7948-D8F182AFFF61}.Debug|Any CPU.ActiveCfg = Debug|Any CPU
		{D9679C0D-6AFF-48B6-7948-D8F182AFFF61}.Debug|Any CPU.Build.0 = Debug|Any CPU
		{D9679C0D-6AFF-48B6-7948-D8F182AFFF61}.Release|Any CPU.ActiveCfg = Release|Any CPU
		{D9679C0D-6AFF-48B6-7948-D8F182AFFF61}.Release|Any CPU.Build.0 = Release|Any CPU
	EndGlobalSection
	GlobalSection(SolutionProperties) = preSolution
		HideSolutionNode = FALSE
	EndGlobalSection
EndGlobal
